
Microsoft Visual Studio Solution File, Format Version 12.00
# Visual Studio Version 17
VisualStudioVersion = 17.0.31903.59
MinimumVisualStudioVersion = 10.0.40219.1
Project("{2150E333-8FDC-42A3-9474-1A3956D46DE8}") = "src", "src", "{CC53C71C-EFB9-4C38-9718-2034CDAB89C8}"
EndProject
Project("{FAE04EC0-301F-11D3-BF4B-00C04F79EFBC}") = "ItsTool.Domain", "src\ItsTool.Domain\ItsTool.Domain.csproj", "{22528CA4-22EA-4283-BFCC-AB8DD95FD4B1}"
EndProject
Project("{FAE04EC0-301F-11D3-BF4B-00C04F79EFBC}") = "ItsTool.Application", "src\ItsTool.Application\ItsTool.Application.csproj", "{D6014C93-22B5-4D0F-9E5D-19C31758BCFE}"
EndProject
Project("{FAE04EC0-301F-11D3-BF4B-00C04F79EFBC}") = "ItsTool.Infrastructure", "src\ItsTool.Infrastructure\ItsTool.Infrastructure.csproj", "{7985F0DD-BC25-4D6C-BDA2-9C07FBE540A2}"
EndProject
Project("{FAE04EC0-301F-11D3-BF4B-00C04F79EFBC}") = "ItsTool.API", "src\ItsTool.API\ItsTool.API.csproj", "{36ED22A6-EF3B-431B-A203-B614D4D1FB4C}"
EndProject
Project("{FAE04EC0-301F-11D3-BF4B-00C04F79EFBC}") = "ItsTool.Web", "src\ItsTool.Web\ItsTool.Web.csproj", "{48375DC6-FDCA-48D7-8610-B14C9E0B5EEF}"
EndProject
Global
	GlobalSection(SolutionConfigurationPlatforms) = preSolution
		Debug|Any CPU = Debug|Any CPU
		Release|Any CPU = Release|Any CPU
	EndGlobalSection
	GlobalSection(SolutionProperties) = preSolution
		HideSolutionNode = FALSE
	EndGlobalSection
	GlobalSection(ProjectConfigurationPlatforms) = postSolution
		{22528CA4-22EA-4283-BFCC-AB8DD95FD4B1}.Debug|Any CPU.ActiveCfg = Debug|Any CPU
		{22528CA4-22EA-4283-BFCC-AB8DD95FD4B1}.Debug|Any CPU.Build.0 = Debug|Any CPU
		{22528CA4-22EA-4283-BFCC-AB8DD95FD4B1}.Release|Any CPU.ActiveCfg = Release|Any CPU
		{22528CA4-22EA-4283-BFCC-AB8DD95FD4B1}.Release|Any CPU.Build.0 = Release|Any CPU
		{D6014C93-22B5-4D0F-9E5D-19C31758BCFE}.Debug|Any CPU.ActiveCfg = Debug|Any CPU
		{D6014C93-22B5-4D0F-9E5D-19C31758BCFE}.Debug|Any CPU.Build.0 = Debug|Any CPU
		{D6014C93-22B5-4D0F-9E5D-19C31758BCFE}.Release|Any CPU.ActiveCfg = Release|Any CPU
		{D6014C93-22B5-4D0F-9E5D-19C31758BCFE}.Release|Any CPU.Build.0 = Release|Any CPU
		{7985F0DD-BC25-4D6C-BDA2-9C07FBE540A2}.Debug|Any CPU.ActiveCfg = Debug|Any CPU
		{7985F0DD-BC25-4D6C-BDA2-9C07FBE540A2}.Debug|Any CPU.Build.0 = Debug|Any CPU
		{7985F0DD-BC25-4D6C-BDA2-9C07FBE540A2}.Release|Any CPU.ActiveCfg = Release|Any CPU
		{7985F0DD-BC25-4D6C-BDA2-9C07FBE540A2}.Release|Any CPU.Build.0 = Release|Any CPU
		{36ED22A6-EF3B-431B-A203-B614D4D1FB4C}.Debug|Any CPU.ActiveCfg = Debug|Any CPU
		{36ED22A6-EF3B-431B-A203-B614D4D1FB4C}.Debug|Any CPU.Build.0 = Debug|Any CPU
		{36ED22A6-EF3B-431B-A203-B614D4D1FB4C}.Release|Any CPU.ActiveCfg = Release|Any CPU
		{36ED22A6-EF3B-431B-A203-B614D4D1FB4C}.Release|Any CPU.Build.0 = Release|Any CPU
		{48375DC6-FDCA-48D7-8610-B14C9E0B5EEF}.Debug|Any CPU.ActiveCfg = Debug|Any CPU
		{48375DC6-FDCA-48D7-8610-B14C9E0B5EEF}.Debug|Any CPU.Build.0 = Debug|Any CPU
		{48375DC6-FDCA-48D7-8610-B14C9E0B5EEF}.Release|Any CPU.ActiveCfg = Release|Any CPU
		{48375DC6-FDCA-48D7-8610-B14C9E0B5EEF}.Release|Any CPU.Build.0 = Release|Any CPU
	EndGlobalSection
	GlobalSection(NestedProjects) = preSolution
		{22528CA4-22EA-4283-BFCC-AB8DD95FD4B1} = {CC53C71C-EFB9-4C38-9718-2034CDAB89C8}
		{D6014C93-22B5-4D0F-9E5D-19C31758BCFE} = {CC53C71C-EFB9-4C38-9718-2034CDAB89C8}
		{7985F0DD-BC25-4D6C-BDA2-9C07FBE540A2} = {CC53C71C-EFB9-4C38-9718-2034CDAB89C8}
		{36ED22A6-EF3B-431B-A203-B614D4D1FB4C} = {CC53C71C-EFB9-4C38-9718-2034CDAB89C8}
		{48375DC6-FDCA-48D7-8610-B14C9E0B5EEF} = {CC53C71C-EFB9-4C38-9718-2034CDAB89C8}
	EndGlobalSection
EndGlobal
